
Microsoft Visual Studio Solution File, Format Version 12.00
# Visual Studio Version 17
VisualStudioVersion = 17.14.37710.0
MinimumVisualStudioVersion = 10.0.40219.1
Project("{FAE04EC0-301F-11D3-BF4B-00C04F79EFBC}") = "PressureMonitor", "PressureMonitor\PressureMonitor.csproj", "{901BDC33-FD7B-4F80-9212-8C02B1EDEAB9}"
EndProject
Project("{FAE04EC0-301F-11D3-BF4B-00C04F79EFBC}") = "SensorPad", "SensorPad\SensorPad.csproj", "{5CBDA304-629A-4088-ABFD-2C9CE6705D26}"
EndProject
Project("{FAE04EC0-301F-11D3-BF4B-00C04F79EFBC}") = "PressureMap.Common", "PressureMap.Common\PressureMap.Common.csproj", "{F09D3925-E0E7-4503-A51E-4BD7CAE52D36}"
EndProject
Global
	GlobalSection(SolutionConfigurationPlatforms) = preSolution
		Debug|Any CPU = Debug|Any CPU
		Release|Any CPU = Release|Any CPU
	EndGlobalSection
	GlobalSection(ProjectConfigurationPlatforms) = postSolution
		{901BDC33-FD7B-4F80-9212-8C02B1EDEAB9}.Debug|Any CPU.ActiveCfg = Debug|Any CPU
		{901BDC33-FD7B-4F80-9212-8C02B1EDEAB9}.Debug|Any CPU.Build.0 = Debug|Any CPU
		{901BDC33-FD7B-4F80-9212-8C02B1EDEAB9}.Release|Any CPU.ActiveCfg = Release|Any CPU
		{901BDC33-FD7B-4F80-9212-8C02B1EDEAB9}.Release|Any CPU.Build.0 = Release|Any CPU
		{5CBDA304-629A-4088-ABFD-2C9CE6705D26}.Debug|Any CPU.ActiveCfg = Debug|Any CPU
		{5CBDA304-629A-4088-ABFD-2C9CE6705D26}.Debug|Any CPU.Build.0 = Debug|Any CPU
		{5CBDA304-629A-4088-ABFD-2C9CE6705D26}.Release|Any CPU.ActiveCfg = Release|Any CPU
		{5CBDA304-629A-4088-ABFD-2C9CE6705D26}.Release|Any CPU.Build.0 = Release|Any CPU
		{F09D3925-E0E7-4503-A51E-4BD7CAE52D36}.Debug|Any CPU.ActiveCfg = Debug|Any CPU
		{F09D3925-E0E7-4503-A51E-4BD7CAE52D36}.Debug|Any CPU.Build.0 = Debug|Any CPU
		{F09D3925-E0E7-4503-A51E-4BD7CAE52D36}.Release|Any CPU.ActiveCfg = Release|Any CPU
		{F09D3925-E0E7-4503-A51E-4BD7CAE52D36}.Release|Any CPU.Build.0 = Release|Any CPU
	EndGlobalSection
	GlobalSection(SolutionProperties) = preSolution
		HideSolutionNode = FALSE
	EndGlobalSection
	GlobalSection(ExtensibilityGlobals) = postSolution
		SolutionGuid = {D7446DE2-6D4E-48CF-AE7D-9FB4F64099CD}
	EndGlobalSection
EndGlobal
